Microsoft Visual Studio Solution File, Format Version 12.00
# Visual Studio Version 17
VisualStudioVersion = 17.14.36804.6
MinimumVisualStudioVersion = 10.0.40219.1
Project("{FAE04EC0-301F-11D3-BF4B-00C04F79EFBC}") = "eShop.Web.App", "src\eShop.Web.App\eShop.Web.App.csproj", "{9341E7F7-9B54-A67B-5EF3-67EA3EB10752}"
EndProject
Project("{FAE04EC0-301F-11D3-BF4B-00C04F79EFBC}") = "app.AppHost", "app.AppHost\app.AppHost.csproj", "{FF52F2D5-EDE7-4B7F-B96E-34729E30DE5E}"
EndProject
Project("{FAE04EC0-301F-11D3-BF4B-00C04F79EFBC}") = "app.ServiceDefaults", "app.ServiceDefaults\app.ServiceDefaults.csproj", "{2636964B-8507-08E7-1081-CD464FF4F663}"
EndProject
Project("{2150E333-8FDC-42A3-9474-1A3956D46DE8}") = "src", "src", "{02EA681E-C7D8-13C7-8484-4AC65E1B71E8}"
EndProject
Project("{FAE04EC0-301F-11D3-BF4B-00C04F79EFBC}") = "eShop.Orders.API", "src\eShop.Orders.API\eShop.Orders.API.csproj", "{3D50C242-E20F-46B7-916A-60497C2D533F}"
EndProject
Project("{FAE04EC0-301F-11D3-BF4B-00C04F79EFBC}") = "eShop.Oders.API.Tests", "src\tests\eShop.Oders.API.Tests\eShop.Oders.API.Tests.csproj", "{EDA25A19-D02A-44D4-A237-14BDD5B88A98}"
EndProject
Project("{2150E333-8FDC-42A3-9474-1A3956D46DE8}") = "tests", "tests", "{1A0D19C8-5EE3-4C12-825D-9F7866FD220B}"
EndProject
Project("{FAE04EC0-301F-11D3-BF4B-00C04F79EFBC}") = "eShop.Web.App.Tests", "src\tests\eShop.Web.App.Tests\eShop.Web.App.Tests.csproj", "{7248E0DB-8318-4D13-BE39-FA2853D711F9}"
EndProject
Project("{FAE04EC0-301F-11D3-BF4B-00C04F79EFBC}") = "app.Host.Tests", "src\tests\app.Host.Tests\app.Host.Tests.csproj", "{AC330FE8-FE16-4560-AEE2-7B0D4923886F}"
EndProject
Global
	GlobalSection(SolutionConfigurationPlatforms) = preSolution
		Debug|Any CPU = Debug|Any CPU
		Release|Any CPU = Release|Any CPU
	EndGlobalSection
	GlobalSection(ProjectConfigurationPlatforms) = postSolution
		{9341E7F7-9B54-A67B-5EF3-67EA3EB10752}.Debug|Any CPU.ActiveCfg = Debug|Any CPU
		{9341E7F7-9B54-A67B-5EF3-67EA3EB10752}.Debug|Any CPU.Build.0 = Debug|Any CPU
		{9341E7F7-9B54-A67B-5EF3-67EA3EB10752}.Release|Any CPU.ActiveCfg = Release|Any CPU
		{9341E7F7-9B54-A67B-5EF3-67EA3EB10752}.Release|Any CPU.Build.0 = Release|Any CPU
		{FF52F2D5-EDE7-4B7F-B96E-34729E30DE5E}.Debug|Any CPU.ActiveCfg = Debug|Any CPU
		{FF52F2D5-EDE7-4B7F-B96E-34729E30DE5E}.Debug|Any CPU.Build.0 = Debug|Any CPU
		{FF52F2D5-EDE7-4B7F-B96E-34729E30DE5E}.Release|Any CPU.ActiveCfg = Release|Any CPU
		{FF52F2D5-EDE7-4B7F-B96E-34729E30DE5E}.Release|Any CPU.Build.0 = Release|Any CPU
		{2636964B-8507-08E7-1081-CD464FF4F663}.Debug|Any CPU.ActiveCfg = Debug|Any CPU
		{2636964B-8507-08E7-1081-CD464FF4F663}.Debug|Any CPU.Build.0 = Debug|Any CPU
		{2636964B-8507-08E7-1081-CD464FF4F663}.Release|Any CPU.ActiveCfg = Release|Any CPU
		{2636964B-8507-08E7-1081-CD464FF4F663}.Release|Any CPU.Build.0 = Release|Any CPU
		{3D50C242-E20F-46B7-916A-60497C2D533F}.Debug|Any CPU.ActiveCfg = Debug|Any CPU
		{3D50C242-E20F-46B7-916A-60497C2D533F}.Debug|Any CPU.Build.0 = Debug|Any CPU
		{3D50C242-E20F-46B7-916A-60497C2D533F}.Release|Any CPU.ActiveCfg = Release|Any CPU
		{3D50C242-E20F-46B7-916A-60497C2D533F}.Release|Any CPU.Build.0 = Release|Any CPU
		{EDA25A19-D02A-44D4-A237-14BDD5B88A98}.Debug|Any CPU.ActiveCfg = Debug|Any CPU
		{EDA25A19-D02A-44D4-A237-14BDD5B88A98}.Debug|Any CPU.Build.0 = Debug|Any CPU
		{EDA25A19-D02A-44D4-A237-14BDD5B88A98}.Release|Any CPU.ActiveCfg = Release|Any CPU
		{EDA25A19-D02A-44D4-A237-14BDD5B88A98}.Release|Any CPU.Build.0 = Release|Any CPU
		{7248E0DB-8318-4D13-BE39-FA2853D711F9}.Debug|Any CPU.ActiveCfg = Debug|Any CPU
		{7248E0DB-8318-4D13-BE39-FA2853D711F9}.Debug|Any CPU.Build.0 = Debug|Any CPU
		{7248E0DB-8318-4D13-BE39-FA2853D711F9}.Release|Any CPU.ActiveCfg = Release|Any CPU
		{7248E0DB-8318-4D13-BE39-FA2853D711F9}.Release|Any CPU.Build.0 = Release|Any CPU
		{AC330FE8-FE16-4560-AEE2-7B0D4923886F}.Debug|Any CPU.ActiveCfg = Debug|Any CPU
		{AC330FE8-FE16-4560-AEE2-7B0D4923886F}.Debug|Any CPU.Build.0 = Debug|Any CPU
		{AC330FE8-FE16-4560-AEE2-7B0D4923886F}.Release|Any CPU.ActiveCfg = Release|Any CPU
		{AC330FE8-FE16-4560-AEE2-7B0D4923886F}.Release|Any CPU.Build.0 = Release|Any CPU
	EndGlobalSection
	GlobalSection(SolutionProperties) = preSolution
		HideSolutionNode = FALSE
	EndGlobalSection
	GlobalSection(NestedProjects) = preSolution
		{9341E7F7-9B54-A67B-5EF3-67EA3EB10752} = {02EA681E-C7D8-13C7-8484-4AC65E1B71E8}
		{FF52F2D5-EDE7-4B7F-B96E-34729E30DE5E} = {02EA681E-C7D8-13C7-8484-4AC65E1B71E8}
		{2636964B-8507-08E7-1081-CD464FF4F663} = {02EA681E-C7D8-13C7-8484-4AC65E1B71E8}
		{3D50C242-E20F-46B7-916A-60497C2D533F} = {02EA681E-C7D8-13C7-8484-4AC65E1B71E8}
		{EDA25A19-D02A-44D4-A237-14BDD5B88A98} = {1A0D19C8-5EE3-4C12-825D-9F7866FD220B}
		{7248E0DB-8318-4D13-BE39-FA2853D711F9} = {1A0D19C8-5EE3-4C12-825D-9F7866FD220B}
		{AC330FE8-FE16-4560-AEE2-7B0D4923886F} = {1A0D19C8-5EE3-4C12-825D-9F7866FD220B}
	EndGlobalSection
	GlobalSection(ExtensibilityGlobals) = postSolution
		SolutionGuid = {9A1ED0EB-82B1-438E-B544-5D614C339003}
	EndGlobalSection
EndGlobal
