
Microsoft Visual Studio Solution File, Format Version 12.00
# Visual Studio Version 17
VisualStudioVersion = 17.14.36804.6
MinimumVisualStudioVersion = 10.0.40219.1
Project("{FAE04EC0-301F-11D3-BF4B-00C04F79EFBC}") = "eShop.Web.App", "src\eShop.Web.App\eShop.Web.App.csproj", "{9341E7F7-9B54-A67B-5EF3-67EA3EB10752}"
EndProject
Project("{FAE04EC0-301F-11D3-BF4B-00C04F79EFBC}") = "app.AppHost", "app.AppHost\app.AppHost.csproj", "{FF52F2D5-EDE7-4B7F-B96E-34729E30DE5E}"
EndProject
Project("{FAE04EC0-301F-11D3-BF4B-00C04F79EFBC}") = "app.ServiceDefaults", "app.ServiceDefaults\app.ServiceDefaults.csproj", "{2636964B-8507-08E7-1081-CD464FF4F663}"
EndProject
Project("{2150E333-8FDC-42A3-9474-1A3956D46DE8}") = "src", "src", "{02EA681E-C7D8-13C7-8484-4AC65E1B71E8}"
EndProject
Project("{FAE04EC0-301F-11D3-BF4B-00C04F79EFBC}") = "eShop.Orders.API", "src\eShop.Orders.API\eShop.Orders.API.csproj", "{3D50C242-E20F-46B7-916A-60497C2D533F}"
EndProject
Global
	GlobalSection(SolutionConfigurationPlatforms) = preSolution
		Debug|Any CPU = Debug|Any CPU
		Release|Any CPU = Release|Any CPU
	EndGlobalSection
	GlobalSection(ProjectConfigurationPlatforms) = postSolution
		{9341E7F7-9B54-A67B-5EF3-67EA3EB10752}.Debug|Any CPU.ActiveCfg = Debug|Any CPU
		{9341E7F7-9B54-A67B-5EF3-67EA3EB10752}.Debug|Any CPU.Build.0 = Debug|Any CPU
		{9341E7F7-9B54-A67B-5EF3-67EA3EB10752}.Release|Any CPU.ActiveCfg = Release|Any CPU
		{9341E7F7-9B54-A67B-5EF3-67EA3EB10752}.Release|Any CPU.Build.0 = Release|Any CPU
		{FF52F2D5-EDE7-4B7F-B96E-34729E30DE5E}.Debug|Any CPU.ActiveCfg = Debug|Any CPU
		{FF52F2D5-EDE7-4B7F-B96E-34729E30DE5E}.Debug|Any CPU.Build.0 = Debug|Any CPU
		{FF52F2D5-EDE7-4B7F-B96E-34729E30DE5E}.Release|Any CPU.ActiveCfg = Release|Any CPU
		{FF52F2D5-EDE7-4B7F-B96E-34729E30DE5E}.Release|Any CPU.Build.0 = Release|Any CPU
		{2636964B-8507-08E7-1081-CD464FF4F663}.Debug|Any CPU.ActiveCfg = Debug|Any CPU
		{2636964B-8507-08E7-1081-CD464FF4F663}.Debug|Any CPU.Build.0 = Debug|Any CPU
		{2636964B-8507-08E7-1081-CD464FF4F663}.Release|Any CPU.ActiveCfg = Release|Any CPU
		{2636964B-8507-08E7-1081-CD464FF4F663}.Release|Any CPU.Build.0 = Release|Any CPU
		{3D50C242-E20F-46B7-916A-60497C2D533F}.Debug|Any CPU.ActiveCfg = Debug|Any CPU
		{3D50C242-E20F-46B7-916A-60497C2D533F}.Debug|Any CPU.Build.0 = Debug|Any CPU
		{3D50C242-E20F-46B7-916A-60497C2D533F}.Release|Any CPU.ActiveCfg = Release|Any CPU
		{3D50C242-E20F-46B7-916A-60497C2D533F}.Release|Any CPU.Build.0 = Release|Any CPU
	EndGlobalSection
	GlobalSection(SolutionProperties) = preSolution
		HideSolutionNode = FALSE
	EndGlobalSection
	GlobalSection(NestedProjects) = preSolution
		{9341E7F7-9B54-A67B-5EF3-67EA3EB10752} = {02EA681E-C7D8-13C7-8484-4AC65E1B71E8}
		{FF52F2D5-EDE7-4B7F-B96E-34729E30DE5E} = {02EA681E-C7D8-13C7-8484-4AC65E1B71E8}
		{2636964B-8507-08E7-1081-CD464FF4F663} = {02EA681E-C7D8-13C7-8484-4AC65E1B71E8}
		{3D50C242-E20F-46B7-916A-60497C2D533F} = {02EA681E-C7D8-13C7-8484-4AC65E1B71E8}
	EndGlobalSection
	GlobalSection(ExtensibilityGlobals) = postSolution
		SolutionGuid = {9A1ED0EB-82B1-438E-B544-5D614C339003}
	EndGlobalSection
EndGlobal
